
Microsoft Visual Studio Solution File, Format Version 12.00
# Visual Studio Version 17
VisualStudioVersion = 17.0.32126.317
MinimumVisualStudioVersion = 10.0.40219.1
Project("{FAE04EC0-301F-11D3-BF4B-00C04F79EFBC}") = "geradorSenhas", "geradorSenhas.csproj", "{EBBB2944-0F89-4D8D-AEA0-EE883C068D5A}"
EndProject
Global
	GlobalSection(SolutionConfigurationPlatforms) = preSolution
		Debug|Any CPU = Debug|Any CPU
		Release|Any CPU = Release|Any CPU
	EndGlobalSection
	GlobalSection(ProjectConfigurationPlatforms) = postSolution
		{EBBB2944-0F89-4D8D-AEA0-EE883C068D5A}.Debug|Any CPU.ActiveCfg = Debug|Any CPU
		{EBBB2944-0F89-4D8D-AEA0-EE883C068D5A}.Debug|Any CPU.Build.0 = Debug|Any CPU
		{EBBB2944-0F89-4D8D-AEA0-EE883C068D5A}.Release|Any CPU.ActiveCfg = Release|Any CPU
		{EBBB2944-0F89-4D8D-AEA0-EE883C068D5A}.Release|Any CPU.Build.0 = Release|Any CPU
	EndGlobalSection
	GlobalSection(SolutionProperties) = preSolution
		HideSolutionNode = FALSE
	EndGlobalSection
	GlobalSection(ExtensibilityGlobals) = postSolution
		SolutionGuid = {0467C4C8-F802-4FF4-BC94-83A850622306}
	EndGlobalSection
EndGlobal
